// !$*UTF8*$!
{
	archiveVersion = 1;
	classes = {
	};
	objectVersion = 56;
	objects = {

/* Begin PBXBuildFile section */
		CF7216552C872F4400AAE830 /* LaunchViewController.swift in Sources */ = {isa = PBXBuildFile; fileRef = CF7216542C872F4400AAE830 /* LaunchViewController.swift */; };
		CF7216582C8733F400AAE830 /* WelcomeViewController.swift in Sources */ = {isa = PBXBuildFile; fileRef = CF7216572C8733F400AAE830 /* WelcomeViewController.swift */; };
		CF72165B2C8736DF00AAE830 /* LogoView.swift in Sources */ = {isa = PBXBuildFile; fileRef = CF72165A2C8736DF00AAE830 /* LogoView.swift */; };
		E31261D42C86E66300E1DAA9 /* AppDelegate.swift in Sources */ = {isa = PBXBuildFile; fileRef = E31261D32C86E66300E1DAA9 /* AppDelegate.swift */; };
		E31261D62C86E66300E1DAA9 /* SceneDelegate.swift in Sources */ = {isa = PBXBuildFile; fileRef = E31261D52C86E66300E1DAA9 /* SceneDelegate.swift */; };
		E31261D82C86E66300E1DAA9 /* ViewController.swift in Sources */ = {isa = PBXBuildFile; fileRef = E31261D72C86E66300E1DAA9 /* ViewController.swift */; };
		E31261DE2C86E66300E1DAA9 /* Travel_Memory.xcdatamodeld in Sources */ = {isa = PBXBuildFile; fileRef = E31261DC2C86E66300E1DAA9 /* Travel_Memory.xcdatamodeld */; };
		E31261E02C86E66600E1DAA9 /* Assets.xcassets in Resources */ = {isa = PBXBuildFile; fileRef = E31261DF2C86E66600E1DAA9 /* Assets.xcassets */; };
		E31261F12C86F33900E1DAA9 /* SignUpViewController.swift in Sources */ = {isa = PBXBuildFile; fileRef = E31261F02C86F33800E1DAA9 /* SignUpViewController.swift */; };
		E31261F32C8707B500E1DAA9 /* UIColor+Extantion.swift in Sources */ = {isa = PBXBuildFile; fileRef = E31261F22C8707B500E1DAA9 /* UIColor+Extantion.swift */; };
		E31261F52C8707C600E1DAA9 /* UIFont+Extansion.swift in Sources */ = {isa = PBXBuildFile; fileRef = E31261F42C8707C600E1DAA9 /* UIFont+Extansion.swift */; };
		E31261F82C87084E00E1DAA9 /* Constraints.swift in Sources */ = {isa = PBXBuildFile; fileRef = E31261F72C87084E00E1DAA9 /* Constraints.swift */; };
		E31261FB2C8708E800E1DAA9 /* KronaOne-Regular.ttf in Resources */ = {isa = PBXBuildFile; fileRef = E31261FA2C8708E800E1DAA9 /* KronaOne-Regular.ttf */; };
		E31261FE2C8710AC00E1DAA9 /* SnapKit in Frameworks */ = {isa = PBXBuildFile; productRef = E31261FD2C8710AC00E1DAA9 /* SnapKit */; };
		E31262002C8710AC00E1DAA9 /* SnapKit-Dynamic in Frameworks */ = {isa = PBXBuildFile; productRef = E31261FF2C8710AC00E1DAA9 /* SnapKit-Dynamic */; };
/* End PBXBuildFile section */

/* Begin PBXFileReference section */
		CF7216542C872F4400AAE830 /* LaunchViewController.swift */ = {isa = PBXFileReference; lastKnownFileType = sourcecode.swift; path = LaunchViewController.swift; sourceTree = "<group>"; };
		CF7216572C8733F400AAE830 /* WelcomeViewController.swift */ = {isa = PBXFileReference; lastKnownFileType = sourcecode.swift; path = WelcomeViewController.swift; sourceTree = "<group>"; };
		CF72165A2C8736DF00AAE830 /* LogoView.swift */ = {isa = PBXFileReference; lastKnownFileType = sourcecode.swift; path = LogoView.swift; sourceTree = "<group>"; };
		E31261D02C86E66300E1DAA9 /* Travel Memory.app */ = {isa = PBXFileReference; explicitFileType = wrapper.application; includeInIndex = 0; path = "Travel Memory.app"; sourceTree = BUILT_PRODUCTS_DIR; };
		E31261D32C86E66300E1DAA9 /* AppDelegate.swift */ = {isa = PBXFileReference; lastKnownFileType = sourcecode.swift; path = AppDelegate.swift; sourceTree = "<group>"; };
		E31261D52C86E66300E1DAA9 /* SceneDelegate.swift */ = {isa = PBXFileReference; lastKnownFileType = sourcecode.swift; path = SceneDelegate.swift; sourceTree = "<group>"; };
		E31261D72C86E66300E1DAA9 /* ViewController.swift */ = {isa = PBXFileReference; lastKnownFileType = sourcecode.swift; path = ViewController.swift; sourceTree = "<group>"; };
		E31261DD2C86E66300E1DAA9 /* Travel_Memory.xcdatamodel */ = {isa = PBXFileReference; lastKnownFileType = wrapper.xcdatamodel; path = Travel_Memory.xcdatamodel; sourceTree = "<group>"; };
		E31261DF2C86E66600E1DAA9 /* Assets.xcassets */ = {isa = PBXFileReference; lastKnownFileType = folder.assetcatalog; path = Assets.xcassets; sourceTree = "<group>"; };
		E31261E42C86E66600E1DAA9 /* Info.plist */ = {isa = PBXFileReference; lastKnownFileType = text.plist.xml; path = Info.plist; sourceTree = "<group>"; };
		E31261F02C86F33800E1DAA9 /* SignUpViewController.swift */ = {isa = PBXFileReference; lastKnownFileType = sourcecode.swift; path = SignUpViewController.swift; sourceTree = "<group>"; };
		E31261F22C8707B500E1DAA9 /* UIColor+Extantion.swift */ = {isa = PBXFileReference; lastKnownFileType = sourcecode.swift; path = "UIColor+Extantion.swift"; sourceTree = "<group>"; };
		E31261F42C8707C600E1DAA9 /* UIFont+Extansion.swift */ = {isa = PBXFileReference; lastKnownFileType = sourcecode.swift; path = "UIFont+Extansion.swift"; sourceTree = "<group>"; };
		E31261F72C87084E00E1DAA9 /* Constraints.swift */ = {isa = PBXFileReference; lastKnownFileType = sourcecode.swift; path = Constraints.swift; sourceTree = "<group>"; };
		E31261FA2C8708E800E1DAA9 /* KronaOne-Regular.ttf */ = {isa = PBXFileReference; lastKnownFileType = file; path = "KronaOne-Regular.ttf"; sourceTree = "<group>"; };
/* End PBXFileReference section */

/* Begin PBXFrameworksBuildPhase section */
		E31261CD2C86E66300E1DAA9 /* Frameworks */ = {
			isa = PBXFrameworksBuildPhase;
			buildActionMask = 2147483647;
			files = (
				E31261FE2C8710AC00E1DAA9 /* SnapKit in Frameworks */,
				E31262002C8710AC00E1DAA9 /* SnapKit-Dynamic in Frameworks */,
			);
			runOnlyForDeploymentPostprocessing = 0;
		};
/* End PBXFrameworksBuildPhase section */

/* Begin PBXGroup section */
		CF7216532C872F3100AAE830 /* Launch */ = {
			isa = PBXGroup;
			children = (
				CF7216542C872F4400AAE830 /* LaunchViewController.swift */,
			);
			path = Launch;
			sourceTree = "<group>";
		};
		CF7216562C8733EA00AAE830 /* Welcome */ = {
			isa = PBXGroup;
			children = (
				CF7216572C8733F400AAE830 /* WelcomeViewController.swift */,
			);
			path = Welcome;
			sourceTree = "<group>";
		};
		CF7216592C8736B000AAE830 /* Components */ = {
			isa = PBXGroup;
			children = (
				CF72165A2C8736DF00AAE830 /* LogoView.swift */,
			);
			path = Components;
			sourceTree = "<group>";
		};
		E31261C72C86E66300E1DAA9 = {
			isa = PBXGroup;
			children = (
				E31261D22C86E66300E1DAA9 /* Travel Memory */,
				E31261D12C86E66300E1DAA9 /* Products */,
			);
			sourceTree = "<group>";
		};
		E31261D12C86E66300E1DAA9 /* Products */ = {
			isa = PBXGroup;
			children = (
				E31261D02C86E66300E1DAA9 /* Travel Memory.app */,
			);
			name = Products;
			sourceTree = "<group>";
		};
		E31261D22C86E66300E1DAA9 /* Travel Memory */ = {
			isa = PBXGroup;
			children = (
				E31261EA2C86F07400E1DAA9 /* App */,
				CF7216592C8736B000AAE830 /* Components */,
				E31261EB2C86F09C00E1DAA9 /* Scenes */,
				E31261EC2C86F0E700E1DAA9 /* Resources */,
				E31261EE2C86F14D00E1DAA9 /* Supporting Files */,
				E31261E42C86E66600E1DAA9 /* Info.plist */,
				E31261DC2C86E66300E1DAA9 /* Travel_Memory.xcdatamodeld */,
			);
			path = "Travel Memory";
			sourceTree = "<group>";
		};
		E31261EA2C86F07400E1DAA9 /* App */ = {
			isa = PBXGroup;
			children = (
				E31261D32C86E66300E1DAA9 /* AppDelegate.swift */,
				E31261D52C86E66300E1DAA9 /* SceneDelegate.swift */,
			);
			path = App;
			sourceTree = "<group>";
		};
		E31261EB2C86F09C00E1DAA9 /* Scenes */ = {
			isa = PBXGroup;
			children = (
				CF7216562C8733EA00AAE830 /* Welcome */,
				CF7216532C872F3100AAE830 /* Launch */,
				E351DFAD2C87945C008B2E04 /* Sign Up Controller */,
				E31261EF2C86F2F200E1DAA9 /* Sign Up View */,
				E31261D72C86E66300E1DAA9 /* ViewController.swift */,
			);
			path = Scenes;
			sourceTree = "<group>";
		};
		E31261EC2C86F0E700E1DAA9 /* Resources */ = {
			isa = PBXGroup;
			children = (
				E31261F92C8708D600E1DAA9 /* Font */,
				E31261ED2C86F10A00E1DAA9 /* Extensions */,
				E31261F62C87083C00E1DAA9 /* Constraints */,
				E31261DF2C86E66600E1DAA9 /* Assets.xcassets */,
			);
			path = Resources;
			sourceTree = "<group>";
		};
		E31261ED2C86F10A00E1DAA9 /* Extensions */ = {
			isa = PBXGroup;
			children = (
				E31261F22C8707B500E1DAA9 /* UIColor+Extantion.swift */,
				E31261F42C8707C600E1DAA9 /* UIFont+Extansion.swift */,
			);
			path = Extensions;
			sourceTree = "<group>";
		};
		E31261EE2C86F14D00E1DAA9 /* Supporting Files */ = {
			isa = PBXGroup;
			children = (
				E396AAF02C899D0D004D7BE5 /* New Group */,
			);
			path = "Supporting Files";
			sourceTree = "<group>";
		};
		E31261EF2C86F2F200E1DAA9 /* Sign Up View */ = {
			isa = PBXGroup;
			children = (
			);
			path = "Sign Up View";
			sourceTree = "<group>";
		};
		E31261F62C87083C00E1DAA9 /* Constraints */ = {
			isa = PBXGroup;
			children = (
				E31261F72C87084E00E1DAA9 /* Constraints.swift */,
			);
			path = Constraints;
			sourceTree = "<group>";
		};
		E31261F92C8708D600E1DAA9 /* Font */ = {
			isa = PBXGroup;
			children = (
				E31261FA2C8708E800E1DAA9 /* KronaOne-Regular.ttf */,
			);
			path = Font;
			sourceTree = "<group>";
		};
		E351DFAD2C87945C008B2E04 /* Sign Up Controller */ = {
			isa = PBXGroup;
			children = (
				E31261F02C86F33800E1DAA9 /* SignUpViewController.swift */,
			);
			path = "Sign Up Controller";
			sourceTree = "<group>";
		};
		E396AAF02C899D0D004D7BE5 /* New Group */ = {
			isa = PBXGroup;
			children = (
			);
			name = "New Group";
			path = "Travel Memory/Supporting Files/New Group";
			sourceTree = "<group>";
		};
/* End PBXGroup section */

/* Begin PBXNativeTarget section */
		E31261CF2C86E66300E1DAA9 /* Travel Memory */ = {
			isa = PBXNativeTarget;
			buildConfigurationList = E31261E72C86E66600E1DAA9 /* Build configuration list for PBXNativeTarget "Travel Memory" */;
			buildPhases = (
				E31261CC2C86E66300E1DAA9 /* Sources */,
				E31261CD2C86E66300E1DAA9 /* Frameworks */,
				E31261CE2C86E66300E1DAA9 /* Resources */,
			);
			buildRules = (
			);
			dependencies = (
			);
			name = "Travel Memory";
			packageProductDependencies = (
				E31261FD2C8710AC00E1DAA9 /* SnapKit */,
				E31261FF2C8710AC00E1DAA9 /* SnapKit-Dynamic */,
			);
			productName = "Travel Memory";
			productReference = E31261D02C86E66300E1DAA9 /* Travel Memory.app */;
			productType = "com.apple.product-type.application";
		};
/* End PBXNativeTarget section */

/* Begin PBXProject section */
		E31261C82C86E66300E1DAA9 /* Project object */ = {
			isa = PBXProject;
			attributes = {
				BuildIndependentTargetsInParallel = 1;
				LastSwiftUpdateCheck = 1520;
				LastUpgradeCheck = 1520;
				TargetAttributes = {
					E31261CF2C86E66300E1DAA9 = {
						CreatedOnToolsVersion = 15.2;
					};
				};
			};
			buildConfigurationList = E31261CB2C86E66300E1DAA9 /* Build configuration list for PBXProject "Travel Memory" */;
			compatibilityVersion = "Xcode 14.0";
			developmentRegion = en;
			hasScannedForEncodings = 0;
			knownRegions = (
				en,
				Base,
			);
			mainGroup = E31261C72C86E66300E1DAA9;
			packageReferences = (
				E31261FC2C8710AC00E1DAA9 /* XCRemoteSwiftPackageReference "SnapKit" */,
			);
			productRefGroup = E31261D12C86E66300E1DAA9 /* Products */;
			projectDirPath = "";
			projectRoot = "";
			targets = (
				E31261CF2C86E66300E1DAA9 /* Travel Memory */,
			);
		};
/* End PBXProject section */

/* Begin PBXResourcesBuildPhase section */
		E31261CE2C86E66300E1DAA9 /* Resources */ = {
			isa = PBXResourcesBuildPhase;
			buildActionMask = 2147483647;
			files = (
				E31261FB2C8708E800E1DAA9 /* KronaOne-Regular.ttf in Resources */,
				E31261E02C86E66600E1DAA9 /* Assets.xcassets in Resources */,
			);
			runOnlyForDeploymentPostprocessing = 0;
		};
/* End PBXResourcesBuildPhase section */

/* Begin PBXSourcesBuildPhase section */
		E31261CC2C86E66300E1DAA9 /* Sources */ = {
			isa = PBXSourcesBuildPhase;
			buildActionMask = 2147483647;
			files = (
				E31261DE2C86E66300E1DAA9 /* Travel_Memory.xcdatamodeld in Sources */,
				CF7216582C8733F400AAE830 /* WelcomeViewController.swift in Sources */,
				CF72165B2C8736DF00AAE830 /* LogoView.swift in Sources */,
				E31261D82C86E66300E1DAA9 /* ViewController.swift in Sources */,
				E31261D42C86E66300E1DAA9 /* AppDelegate.swift in Sources */,
				E31261D62C86E66300E1DAA9 /* SceneDelegate.swift in Sources */,
				E31261F82C87084E00E1DAA9 /* Constraints.swift in Sources */,
				E31261F32C8707B500E1DAA9 /* UIColor+Extantion.swift in Sources */,
				E31261F52C8707C600E1DAA9 /* UIFont+Extansion.swift in Sources */,
				CF7216552C872F4400AAE830 /* LaunchViewController.swift in Sources */,
				E31261F12C86F33900E1DAA9 /* SignUpViewController.swift in Sources */,
			);
			runOnlyForDeploymentPostprocessing = 0;
		};
/* End PBXSourcesBuildPhase section */

/* Begin XCBuildConfiguration section */
		E31261E52C86E66600E1DAA9 /* Debug */ = {
			isa = XCBuildConfiguration;
			buildSettings = {
				ALWAYS_SEARCH_USER_PATHS = NO;
				ASSETCATALOG_COMPILER_GENERATE_SWIFT_ASSET_SYMBOL_EXTENSIONS = YES;
				CLANG_ANALYZER_NONNULL = YES;
				CLANG_ANALYZER_NUMBER_OBJECT_CONVERSION = YES_AGGRESSIVE;
				CLANG_CXX_LANGUAGE_STANDARD = "gnu++20";
				CLANG_ENABLE_MODULES = YES;
				CLANG_ENABLE_OBJC_ARC = YES;
				CLANG_ENABLE_OBJC_WEAK = YES;
				CLANG_WARN_BLOCK_CAPTURE_AUTORELEASING = YES;
				CLANG_WARN_BOOL_CONVERSION = YES;
				CLANG_WARN_COMMA = YES;
				CLANG_WARN_CONSTANT_CONVERSION = YES;
				CLANG_WARN_DEPRECATED_OBJC_IMPLEMENTATIONS = YES;
				CLANG_WARN_DIRECT_OBJC_ISA_USAGE = YES_ERROR;
				CLANG_WARN_DOCUMENTATION_COMMENTS = YES;
				CLANG_WARN_EMPTY_BODY = YES;
				CLANG_WARN_ENUM_CONVERSION = YES;
				CLANG_WARN_INFINITE_RECURSION = YES;
				CLANG_WARN_INT_CONVERSION = YES;
				CLANG_WARN_NON_LITERAL_NULL_CONVERSION = YES;
				CLANG_WARN_OBJC_IMPLICIT_RETAIN_SELF = YES;
				CLANG_WARN_OBJC_LITERAL_CONVERSION = YES;
				CLANG_WARN_OBJC_ROOT_CLASS = YES_ERROR;
				CLANG_WARN_QUOTED_INCLUDE_IN_FRAMEWORK_HEADER = YES;
				CLANG_WARN_RANGE_LOOP_ANALYSIS = YES;
				CLANG_WARN_STRICT_PROTOTYPES = YES;
				CLANG_WARN_SUSPICIOUS_MOVE = YES;
				CLANG_WARN_UNGUARDED_AVAILABILITY = YES_AGGRESSIVE;
				CLANG_WARN_UNREACHABLE_CODE = YES;
				CLANG_WARN__DUPLICATE_METHOD_MATCH = YES;
				COPY_PHASE_STRIP = NO;
				DEBUG_INFORMATION_FORMAT = dwarf;
				ENABLE_STRICT_OBJC_MSGSEND = YES;
				ENABLE_TESTABILITY = YES;
				ENABLE_USER_SCRIPT_SANDBOXING = YES;
				GCC_C_LANGUAGE_STANDARD = gnu17;
				GCC_DYNAMIC_NO_PIC = NO;
				GCC_NO_COMMON_BLOCKS = YES;
				GCC_OPTIMIZATION_LEVEL = 0;
				GCC_PREPROCESSOR_DEFINITIONS = (
					"DEBUG=1",
					"$(inherited)",
				);
				GCC_WARN_64_TO_32_BIT_CONVERSION = YES;
				GCC_WARN_ABOUT_RETURN_TYPE = YES_ERROR;
				GCC_WARN_UNDECLARED_SELECTOR = YES;
				GCC_WARN_UNINITIALIZED_AUTOS = YES_AGGRESSIVE;
				GCC_WARN_UNUSED_FUNCTION = YES;
				GCC_WARN_UNUSED_VARIABLE = YES;
				IPHONEOS_DEPLOYMENT_TARGET = 17.2;
				LOCALIZATION_PREFERS_STRING_CATALOGS = YES;
				MTL_ENABLE_DEBUG_INFO = INCLUDE_SOURCE;
				MTL_FAST_MATH = YES;
				ONLY_ACTIVE_ARCH = YES;
				SDKROOT = iphoneos;
				SWIFT_ACTIVE_COMPILATION_CONDITIONS = "DEBUG $(inherited)";
				SWIFT_OPTIMIZATION_LEVEL = "-Onone";
			};
			name = Debug;
		};
		E31261E62C86E66600E1DAA9 /* Release */ = {
			isa = XCBuildConfiguration;
			buildSettings = {
				ALWAYS_SEARCH_USER_PATHS = NO;
				ASSETCATALOG_COMPILER_GENERATE_SWIFT_ASSET_SYMBOL_EXTENSIONS = YES;
				CLANG_ANALYZER_NONNULL = YES;
				CLANG_ANALYZER_NUMBER_OBJECT_CONVERSION = YES_AGGRESSIVE;
				CLANG_CXX_LANGUAGE_STANDARD = "gnu++20";
				CLANG_ENABLE_MODULES = YES;
				CLANG_ENABLE_OBJC_ARC = YES;
				CLANG_ENABLE_OBJC_WEAK = YES;
				CLANG_WARN_BLOCK_CAPTURE_AUTORELEASING = YES;
				CLANG_WARN_BOOL_CONVERSION = YES;
				CLANG_WARN_COMMA = YES;
				CLANG_WARN_CONSTANT_CONVERSION = YES;
				CLANG_WARN_DEPRECATED_OBJC_IMPLEMENTATIONS = YES;
				CLANG_WARN_DIRECT_OBJC_ISA_USAGE = YES_ERROR;
				CLANG_WARN_DOCUMENTATION_COMMENTS = YES;
				CLANG_WARN_EMPTY_BODY = YES;
				CLANG_WARN_ENUM_CONVERSION = YES;
				CLANG_WARN_INFINITE_RECURSION = YES;
				CLANG_WARN_INT_CONVERSION = YES;
				CLANG_WARN_NON_LITERAL_NULL_CONVERSION = YES;
				CLANG_WARN_OBJC_IMPLICIT_RETAIN_SELF = YES;
				CLANG_WARN_OBJC_LITERAL_CONVERSION = YES;
				CLANG_WARN_OBJC_ROOT_CLASS = YES_ERROR;
				CLANG_WARN_QUOTED_INCLUDE_IN_FRAMEWORK_HEADER = YES;
				CLANG_WARN_RANGE_LOOP_ANALYSIS = YES;
				CLANG_WARN_STRICT_PROTOTYPES = YES;
				CLANG_WARN_SUSPICIOUS_MOVE = YES;
				CLANG_WARN_UNGUARDED_AVAILABILITY = YES_AGGRESSIVE;
				CLANG_WARN_UNREACHABLE_CODE = YES;
				CLANG_WARN__DUPLICATE_METHOD_MATCH = YES;
				COPY_PHASE_STRIP = NO;
				DEBUG_INFORMATION_FORMAT = "dwarf-with-dsym";
				ENABLE_NS_ASSERTIONS = NO;
				ENABLE_STRICT_OBJC_MSGSEND = YES;
				ENABLE_USER_SCRIPT_SANDBOXING = YES;
				GCC_C_LANGUAGE_STANDARD = gnu17;
				GCC_NO_COMMON_BLOCKS = YES;
				GCC_WARN_64_TO_32_BIT_CONVERSION = YES;
				GCC_WARN_ABOUT_RETURN_TYPE = YES_ERROR;
				GCC_WARN_UNDECLARED_SELECTOR = YES;
				GCC_WARN_UNINITIALIZED_AUTOS = YES_AGGRESSIVE;
				GCC_WARN_UNUSED_FUNCTION = YES;
				GCC_WARN_UNUSED_VARIABLE = YES;
				IPHONEOS_DEPLOYMENT_TARGET = 17.2;
				LOCALIZATION_PREFERS_STRING_CATALOGS = YES;
				MTL_ENABLE_DEBUG_INFO = NO;
				MTL_FAST_MATH = YES;
				SDKROOT = iphoneos;
				SWIFT_COMPILATION_MODE = wholemodule;
				VALIDATE_PRODUCT = YES;
			};
			name = Release;
		};
		E31261E82C86E66600E1DAA9 /* Debug */ = {
			isa = XCBuildConfiguration;
			buildSettings = {
				ASSETCATALOG_COMPILER_APPICON_NAME = AppIcon;
				ASSETCATALOG_COMPILER_GLOBAL_ACCENT_COLOR_NAME = AccentColor;
				CODE_SIGN_STYLE = Automatic;
				CURRENT_PROJECT_VERSION = 1;
				GENERATE_INFOPLIST_FILE = YES;
				INFOPLIST_FILE = "Travel Memory/Info.plist";
				INFOPLIST_KEY_UIApplicationSupportsIndirectInputEvents = YES;
				INFOPLIST_KEY_UILaunchStoryboardName = LaunchScreen;
				INFOPLIST_KEY_UISupportedInterfaceOrientations_iPad = "UIInterfaceOrientationPortrait UIInterfaceOrientationPortraitUpsideDown UIInterfaceOrientationLandscapeLeft UIInterfaceOrientationLandscapeRight";
				INFOPLIST_KEY_UISupportedInterfaceOrientations_iPhone = "UIInterfaceOrientationPortrait UIInterfaceOrientationLandscapeLeft UIInterfaceOrientationLandscapeRight";
				LD_RUNPATH_SEARCH_PATHS = (
					"$(inherited)",
					"@executable_path/Frameworks",
				);
				MARKETING_VERSION = 1.0;
				PRODUCT_BUNDLE_IDENTIFIER = "-0.Travel-Memory";
				PRODUCT_NAME = "$(TARGET_NAME)";
				SWIFT_EMIT_LOC_STRINGS = YES;
				SWIFT_VERSION = 5.0;
				TARGETED_DEVICE_FAMILY = "1,2";
			};
			name = Debug;
		};
		E31261E92C86E66600E1DAA9 /* Release */ = {
			isa = XCBuildConfiguration;
			buildSettings = {
				ASSETCATALOG_COMPILER_APPICON_NAME = AppIcon;
				ASSETCATALOG_COMPILER_GLOBAL_ACCENT_COLOR_NAME = AccentColor;
				CODE_SIGN_STYLE = Automatic;
				CURRENT_PROJECT_VERSION = 1;
				GENERATE_INFOPLIST_FILE = YES;
				INFOPLIST_FILE = "Travel Memory/Info.plist";
				INFOPLIST_KEY_UIApplicationSupportsIndirectInputEvents = YES;
				INFOPLIST_KEY_UILaunchStoryboardName = LaunchScreen;
				INFOPLIST_KEY_UISupportedInterfaceOrientations_iPad = "UIInterfaceOrientationPortrait UIInterfaceOrientationPortraitUpsideDown UIInterfaceOrientationLandscapeLeft UIInterfaceOrientationLandscapeRight";
				INFOPLIST_KEY_UISupportedInterfaceOrientations_iPhone = "UIInterfaceOrientationPortrait UIInterfaceOrientationLandscapeLeft UIInterfaceOrientationLandscapeRight";
				LD_RUNPATH_SEARCH_PATHS = (
					"$(inherited)",
					"@executable_path/Frameworks",
				);
				MARKETING_VERSION = 1.0;
				PRODUCT_BUNDLE_IDENTIFIER = "-0.Travel-Memory";
				PRODUCT_NAME = "$(TARGET_NAME)";
				SWIFT_EMIT_LOC_STRINGS = YES;
				SWIFT_VERSION = 5.0;
				TARGETED_DEVICE_FAMILY = "1,2";
			};
			name = Release;
		};
/* End XCBuildConfiguration section */

/* Begin XCConfigurationList section */
		E31261CB2C86E66300E1DAA9 /* Build configuration list for PBXProject "Travel Memory" */ = {
			isa = XCConfigurationList;
			buildConfigurations = (
				E31261E52C86E66600E1DAA9 /* Debug */,
				E31261E62C86E66600E1DAA9 /* Release */,
			);
			defaultConfigurationIsVisible = 0;
			defaultConfigurationName = Release;
		};
		E31261E72C86E66600E1DAA9 /* Build configuration list for PBXNativeTarget "Travel Memory" */ = {
			isa = XCConfigurationList;
			buildConfigurations = (
				E31261E82C86E66600E1DAA9 /* Debug */,
				E31261E92C86E66600E1DAA9 /* Release */,
			);
			defaultConfigurationIsVisible = 0;
			defaultConfigurationName = Release;
		};
/* End XCConfigurationList section */

/* Begin XCRemoteSwiftPackageReference section */
		E31261FC2C8710AC00E1DAA9 /* XCRemoteSwiftPackageReference "SnapKit" */ = {
			isa = XCRemoteSwiftPackageReference;
			repositoryURL = "https://github.com/SnapKit/SnapKit";
			requirement = {
				kind = upToNextMajorVersion;
				minimumVersion = 5.7.1;
			};
		};
/* End XCRemoteSwiftPackageReference section */

/* Begin XCSwiftPackageProductDependency section */
		E31261FD2C8710AC00E1DAA9 /* SnapKit */ = {
			isa = XCSwiftPackageProductDependency;
			package = E31261FC2C8710AC00E1DAA9 /* XCRemoteSwiftPackageReference "SnapKit" */;
			productName = SnapKit;
		};
		E31261FF2C8710AC00E1DAA9 /* SnapKit-Dynamic */ = {
			isa = XCSwiftPackageProductDependency;
			package = E31261FC2C8710AC00E1DAA9 /* XCRemoteSwiftPackageReference "SnapKit" */;
			productName = "SnapKit-Dynamic";
		};
/* End XCSwiftPackageProductDependency section */

/* Begin XCVersionGroup section */
		E31261DC2C86E66300E1DAA9 /* Travel_Memory.xcdatamodeld */ = {
			isa = XCVersionGroup;
			children = (
				E31261DD2C86E66300E1DAA9 /* Travel_Memory.xcdatamodel */,
			);
			currentVersion = E31261DD2C86E66300E1DAA9 /* Travel_Memory.xcdatamodel */;
			path = Travel_Memory.xcdatamodeld;
			sourceTree = "<group>";
			versionGroupType = wrapper.xcdatamodel;
		};
/* End XCVersionGroup section */
	};
	rootObject = E31261C82C86E66300E1DAA9 /* Project object */;
}
